{
    "_meta": {
        "hash": {
            "sha256": "3d6a03388eea472839fde9945b14094269a6327a124b541699aa883e2742bee4"
        },
        "pipfile-spec": 6,
        "requires": {
            "python_version": "3.8"
        },
        "sources": [
            {
                "name": "pypi",
                "url": "https://pypi.org/simple",
                "verify_ssl": true
            }
        ]
    },
    "default": {
        "fuzzywuzzy": {
            "hashes": [
                "sha256:45016e92264780e58972dca1b3d939ac864b78437422beecebb3095f8efd00e8",
                "sha256:928244b28db720d1e0ee7587acf660ea49d7e4c632569cad4f1cd7e68a5f0993"
            ],
            "index": "pypi",
            "version": "==0.18.0"
        },
        "pysimplegui": {
            "hashes": [
                "sha256:26ba41ec7729179cc4731ae63b79d5bad9c9ae7751f0ee3d0dd81b63ca4c7b12",
                "sha256:e4be0b74d6c18667dc6e1557af6fd78099d31f378e9063c2900a5e92254a09fc"
            ],
            "index": "pypi",
            "version": "==4.29.0"
        },
        "python-levenshtein": {
            "hashes": [
                "sha256:033a11de5e3d19ea25c9302d11224e1a1898fe5abd23c61c7c360c25195e3eb1"
            ],
            "index": "pypi",
            "version": "==0.12.0"
        }
    },
    "develop": {}
}
